
Microsoft Visual Studio Solution File, Format Version 12.00
# Visual Studio Version 17
VisualStudioVersion = 17.0.32014.148
MinimumVisualStudioVersion = 10.0.40219.1
Project("{9A19103F-16F7-4668-BE54-9A1E7A4F7556}") = "TimCodes.ApiAbstractions", "TimCodes.ApiAbstractions\TimCodes.ApiAbstractions.csproj", "{42A989AB-CF23-48D2-973A-7D3B2B51C6EB}"
EndProject
Project("{9A19103F-16F7-4668-BE54-9A1E7A4F7556}") = "TimCodes.ApiAbstractions.Http", "TimCodes.ApiAbstractions.Http\TimCodes.ApiAbstractions.Http.csproj", "{72726637-22EF-4BB1-935D-7E70847B0627}"
EndProject
Project("{9A19103F-16F7-4668-BE54-9A1E7A4F7556}") = "TimCodes.ApiAbstractions.Http.UnitTests", "..\test\TimCodes.ApiAbstractions.Http.UnitTests\TimCodes.ApiAbstractions.Http.UnitTests.csproj", "{06195E97-A695-4994-A2DA-5603F99A66EC}"
EndProject
Project("{2150E333-8FDC-42A3-9474-1A3956D46DE8}") = "test", "test", "{A76767BF-0A2D-4A59-A87E-9DE5E4384A73}"
EndProject
Project("{2150E333-8FDC-42A3-9474-1A3956D46DE8}") = "src", "src", "{1B6D043B-8FFD-4C71-B411-C85DB3B5CAA4}"
EndProject
Project("{9A19103F-16F7-4668-BE54-9A1E7A4F7556}") = "TimCodes.ApiAbstractions.Http.TestModels", "..\test\TimCodes.ApiAbstractions.Http.TestModels\TimCodes.ApiAbstractions.Http.TestModels.csproj", "{E533E147-A1E6-4EDC-8F63-142F9E0ED861}"
EndProject
Project("{9A19103F-16F7-4668-BE54-9A1E7A4F7556}") = "TimCodes.ApiAbstractions.Http.IntegrationTests", "..\test\TimCodes.ApiAbstractions.Http.IntegrationTests\TimCodes.ApiAbstractions.Http.IntegrationTests.csproj", "{5BEC3E6A-BE5E-4E76-8F55-B4FE21ADA5A8}"
EndProject
Project("{9A19103F-16F7-4668-BE54-9A1E7A4F7556}") = "TimCodes.ApiAbstractions.Http.Server", "TimCodes.ApiAbstractions.Http.Server\TimCodes.ApiAbstractions.Http.Server.csproj", "{D4F741BF-6322-4122-8958-29E7BB8F1EE0}"
EndProject
Project("{9A19103F-16F7-4668-BE54-9A1E7A4F7556}") = "TimCodes.ApiAbstractions.Http.Sample.Server", "..\samples\TimCodes.ApiAbstractions.Http.Sample.Server\TimCodes.ApiAbstractions.Http.Sample.Server.csproj", "{7D404EC0-F807-4D5C-B4C0-5CF1A7042602}"
EndProject
Project("{2150E333-8FDC-42A3-9474-1A3956D46DE8}") = "samples", "samples", "{C31AC976-79B8-4D1D-A08C-78A184984E5C}"
EndProject
Project("{9A19103F-16F7-4668-BE54-9A1E7A4F7556}") = "TimCodes.ApiAbstractions.Http.Sample.Models", "..\samples\TimCodes.ApiAbstractions.Http.Sample.Models\TimCodes.ApiAbstractions.Http.Sample.Models.csproj", "{F9C3AC4C-F8A1-418F-A3D4-DE315FEF1E17}"
EndProject
Project("{9A19103F-16F7-4668-BE54-9A1E7A4F7556}") = "TimCodes.ApiAbstractions.Http.Sample.Business", "..\samples\TimCodes.ApiAbstractions.Http.Sample.Business\TimCodes.ApiAbstractions.Http.Sample.Business.csproj", "{1A10DE90-78C1-4CCE-BC9F-97DCDC46E2C7}"
EndProject
Project("{9A19103F-16F7-4668-BE54-9A1E7A4F7556}") = "TimCodes.ApiAbstractions.Http.Sample.ApiClient", "..\samples\TimCodes.ApiAbstractions.Http.Sample.ApiClient\TimCodes.ApiAbstractions.Http.Sample.ApiClient.csproj", "{CF5CCA02-1E5E-4930-84A2-2EF0ADB22F98}"
EndProject
Project("{9A19103F-16F7-4668-BE54-9A1E7A4F7556}") = "TimCodes.ApiAbstractions.Http.Sample.UnitTests", "..\test\TimCodes.ApiAbstractions.Http.Sample.UnitTests\TimCodes.ApiAbstractions.Http.Sample.UnitTests.csproj", "{4E52063E-9A33-45AB-B891-2A6391181C61}"
EndProject
Project("{2150E333-8FDC-42A3-9474-1A3956D46DE8}") = "Solution Items", "Solution Items", "{AF615468-784F-4558-8A1B-5DD5CE37B7CE}"
	ProjectSection(SolutionItems) = preProject
		.editorconfig = .editorconfig
	EndProjectSection
EndProject
Global
	GlobalSection(SolutionConfigurationPlatforms) = preSolution
		Debug|Any CPU = Debug|Any CPU
		Release|Any CPU = Release|Any CPU
	EndGlobalSection
	GlobalSection(ProjectConfigurationPlatforms) = postSolution
		{42A989AB-CF23-48D2-973A-7D3B2B51C6EB}.Debug|Any CPU.ActiveCfg = Debug|Any CPU
		{42A989AB-CF23-48D2-973A-7D3B2B51C6EB}.Debug|Any CPU.Build.0 = Debug|Any CPU
		{42A989AB-CF23-48D2-973A-7D3B2B51C6EB}.Release|Any CPU.ActiveCfg = Release|Any CPU
		{42A989AB-CF23-48D2-973A-7D3B2B51C6EB}.Release|Any CPU.Build.0 = Release|Any CPU
		{72726637-22EF-4BB1-935D-7E70847B0627}.Debug|Any CPU.ActiveCfg = Debug|Any CPU
		{72726637-22EF-4BB1-935D-7E70847B0627}.Debug|Any CPU.Build.0 = Debug|Any CPU
		{72726637-22EF-4BB1-935D-7E70847B0627}.Release|Any CPU.ActiveCfg = Release|Any CPU
		{72726637-22EF-4BB1-935D-7E70847B0627}.Release|Any CPU.Build.0 = Release|Any CPU
		{06195E97-A695-4994-A2DA-5603F99A66EC}.Debug|Any CPU.ActiveCfg = Debug|Any CPU
		{06195E97-A695-4994-A2DA-5603F99A66EC}.Debug|Any CPU.Build.0 = Debug|Any CPU
		{06195E97-A695-4994-A2DA-5603F99A66EC}.Release|Any CPU.ActiveCfg = Release|Any CPU
		{06195E97-A695-4994-A2DA-5603F99A66EC}.Release|Any CPU.Build.0 = Release|Any CPU
		{E533E147-A1E6-4EDC-8F63-142F9E0ED861}.Debug|Any CPU.ActiveCfg = Debug|Any CPU
		{E533E147-A1E6-4EDC-8F63-142F9E0ED861}.Debug|Any CPU.Build.0 = Debug|Any CPU
		{E533E147-A1E6-4EDC-8F63-142F9E0ED861}.Release|Any CPU.ActiveCfg = Release|Any CPU
		{E533E147-A1E6-4EDC-8F63-142F9E0ED861}.Release|Any CPU.Build.0 = Release|Any CPU
		{5BEC3E6A-BE5E-4E76-8F55-B4FE21ADA5A8}.Debug|Any CPU.ActiveCfg = Debug|Any CPU
		{5BEC3E6A-BE5E-4E76-8F55-B4FE21ADA5A8}.Debug|Any CPU.Build.0 = Debug|Any CPU
		{5BEC3E6A-BE5E-4E76-8F55-B4FE21ADA5A8}.Release|Any CPU.ActiveCfg = Release|Any CPU
		{5BEC3E6A-BE5E-4E76-8F55-B4FE21ADA5A8}.Release|Any CPU.Build.0 = Release|Any CPU
		{D4F741BF-6322-4122-8958-29E7BB8F1EE0}.Debug|Any CPU.ActiveCfg = Debug|Any CPU
		{D4F741BF-6322-4122-8958-29E7BB8F1EE0}.Debug|Any CPU.Build.0 = Debug|Any CPU
		{D4F741BF-6322-4122-8958-29E7BB8F1EE0}.Release|Any CPU.ActiveCfg = Release|Any CPU
		{D4F741BF-6322-4122-8958-29E7BB8F1EE0}.Release|Any CPU.Build.0 = Release|Any CPU
		{7D404EC0-F807-4D5C-B4C0-5CF1A7042602}.Debug|Any CPU.ActiveCfg = Debug|Any CPU
		{7D404EC0-F807-4D5C-B4C0-5CF1A7042602}.Debug|Any CPU.Build.0 = Debug|Any CPU
		{7D404EC0-F807-4D5C-B4C0-5CF1A7042602}.Release|Any CPU.ActiveCfg = Release|Any CPU
		{7D404EC0-F807-4D5C-B4C0-5CF1A7042602}.Release|Any CPU.Build.0 = Release|Any CPU
		{F9C3AC4C-F8A1-418F-A3D4-DE315FEF1E17}.Debug|Any CPU.ActiveCfg = Debug|Any CPU
		{F9C3AC4C-F8A1-418F-A3D4-DE315FEF1E17}.Debug|Any CPU.Build.0 = Debug|Any CPU
		{F9C3AC4C-F8A1-418F-A3D4-DE315FEF1E17}.Release|Any CPU.ActiveCfg = Release|Any CPU
		{F9C3AC4C-F8A1-418F-A3D4-DE315FEF1E17}.Release|Any CPU.Build.0 = Release|Any CPU
		{1A10DE90-78C1-4CCE-BC9F-97DCDC46E2C7}.Debug|Any CPU.ActiveCfg = Debug|Any CPU
		{1A10DE90-78C1-4CCE-BC9F-97DCDC46E2C7}.Debug|Any CPU.Build.0 = Debug|Any CPU
		{1A10DE90-78C1-4CCE-BC9F-97DCDC46E2C7}.Release|Any CPU.ActiveCfg = Release|Any CPU
		{1A10DE90-78C1-4CCE-BC9F-97DCDC46E2C7}.Release|Any CPU.Build.0 = Release|Any CPU
		{CF5CCA02-1E5E-4930-84A2-2EF0ADB22F98}.Debug|Any CPU.ActiveCfg = Debug|Any CPU
		{CF5CCA02-1E5E-4930-84A2-2EF0ADB22F98}.Debug|Any CPU.Build.0 = Debug|Any CPU
		{CF5CCA02-1E5E-4930-84A2-2EF0ADB22F98}.Release|Any CPU.ActiveCfg = Release|Any CPU
		{CF5CCA02-1E5E-4930-84A2-2EF0ADB22F98}.Release|Any CPU.Build.0 = Release|Any CPU
		{4E52063E-9A33-45AB-B891-2A6391181C61}.Debug|Any CPU.ActiveCfg = Debug|Any CPU
		{4E52063E-9A33-45AB-B891-2A6391181C61}.Debug|Any CPU.Build.0 = Debug|Any CPU
		{4E52063E-9A33-45AB-B891-2A6391181C61}.Release|Any CPU.ActiveCfg = Release|Any CPU
		{4E52063E-9A33-45AB-B891-2A6391181C61}.Release|Any CPU.Build.0 = Release|Any CPU
	EndGlobalSection
	GlobalSection(SolutionProperties) = preSolution
		HideSolutionNode = FALSE
	EndGlobalSection
	GlobalSection(NestedProjects) = preSolution
		{42A989AB-CF23-48D2-973A-7D3B2B51C6EB} = {1B6D043B-8FFD-4C71-B411-C85DB3B5CAA4}
		{72726637-22EF-4BB1-935D-7E70847B0627} = {1B6D043B-8FFD-4C71-B411-C85DB3B5CAA4}
		{06195E97-A695-4994-A2DA-5603F99A66EC} = {A76767BF-0A2D-4A59-A87E-9DE5E4384A73}
		{E533E147-A1E6-4EDC-8F63-142F9E0ED861} = {A76767BF-0A2D-4A59-A87E-9DE5E4384A73}
		{5BEC3E6A-BE5E-4E76-8F55-B4FE21ADA5A8} = {A76767BF-0A2D-4A59-A87E-9DE5E4384A73}
		{D4F741BF-6322-4122-8958-29E7BB8F1EE0} = {1B6D043B-8FFD-4C71-B411-C85DB3B5CAA4}
		{7D404EC0-F807-4D5C-B4C0-5CF1A7042602} = {C31AC976-79B8-4D1D-A08C-78A184984E5C}
		{F9C3AC4C-F8A1-418F-A3D4-DE315FEF1E17} = {C31AC976-79B8-4D1D-A08C-78A184984E5C}
		{1A10DE90-78C1-4CCE-BC9F-97DCDC46E2C7} = {C31AC976-79B8-4D1D-A08C-78A184984E5C}
		{CF5CCA02-1E5E-4930-84A2-2EF0ADB22F98} = {C31AC976-79B8-4D1D-A08C-78A184984E5C}
		{4E52063E-9A33-45AB-B891-2A6391181C61} = {A76767BF-0A2D-4A59-A87E-9DE5E4384A73}
	EndGlobalSection
	GlobalSection(ExtensibilityGlobals) = postSolution
		SolutionGuid = {888AD974-A172-43E3-B848-0658355F199D}
	EndGlobalSection
EndGlobal
